
Microsoft Visual Studio Solution File, Format Version 12.00
# Visual Studio Version 17
VisualStudioVersion = 17.6.33815.320
MinimumVisualStudioVersion = 10.0.40219.1
Project("{9A19103F-16F7-4668-BE54-9A1E7A4F7556}") = "SpeechRecognition", "SpeechRecognition\SpeechRecognition.csproj", "{81D53940-4C5E-44D6-8E6C-0BDC5C61BEA3}"
EndProject
Project("{9A19103F-16F7-4668-BE54-9A1E7A4F7556}") = "SpeechAudioFileToText", "SpeechAudioFileToText\SpeechAudioFileToText.csproj", "{291CC070-129C-47BC-A1C5-3E04BDA657DF}"
EndProject
Project("{FAE04EC0-301F-11D3-BF4B-00C04F79EFBC}") = "ComputerVision", "ComputerVision\ComputerVision.csproj", "{E405B38C-3D76-47C2-90CF-B9787B1C46E0}"
EndProject
Project("{FAE04EC0-301F-11D3-BF4B-00C04F79EFBC}") = "LanguageUnderstanding", "LanguageUnderstanding\LanguageUnderstanding.csproj", "{70D55C2E-F074-4213-815F-17BFB3F278B1}"
EndProject
Project("{FAE04EC0-301F-11D3-BF4B-00C04F79EFBC}") = "OpenAIService", "OpenAIService\OpenAIService.csproj", "{6C634094-0E70-4898-9BBA-8F8CCEF23AE1}"
EndProject
Project("{FAE04EC0-301F-11D3-BF4B-00C04F79EFBC}") = "FormRecongnizer", "FormRecongnizer\FormRecongnizer.csproj", "{48E872BE-DD48-41EB-86C8-7C02D72966DF}"
EndProject
Global
	GlobalSection(SolutionConfigurationPlatforms) = preSolution
		Debug|Any CPU = Debug|Any CPU
		Release|Any CPU = Release|Any CPU
	EndGlobalSection
	GlobalSection(ProjectConfigurationPlatforms) = postSolution
		{81D53940-4C5E-44D6-8E6C-0BDC5C61BEA3}.Debug|Any CPU.ActiveCfg = Debug|Any CPU
		{81D53940-4C5E-44D6-8E6C-0BDC5C61BEA3}.Debug|Any CPU.Build.0 = Debug|Any CPU
		{81D53940-4C5E-44D6-8E6C-0BDC5C61BEA3}.Release|Any CPU.ActiveCfg = Release|Any CPU
		{81D53940-4C5E-44D6-8E6C-0BDC5C61BEA3}.Release|Any CPU.Build.0 = Release|Any CPU
		{291CC070-129C-47BC-A1C5-3E04BDA657DF}.Debug|Any CPU.ActiveCfg = Debug|Any CPU
		{291CC070-129C-47BC-A1C5-3E04BDA657DF}.Debug|Any CPU.Build.0 = Debug|Any CPU
		{291CC070-129C-47BC-A1C5-3E04BDA657DF}.Release|Any CPU.ActiveCfg = Release|Any CPU
		{291CC070-129C-47BC-A1C5-3E04BDA657DF}.Release|Any CPU.Build.0 = Release|Any CPU
		{E405B38C-3D76-47C2-90CF-B9787B1C46E0}.Debug|Any CPU.ActiveCfg = Debug|Any CPU
		{E405B38C-3D76-47C2-90CF-B9787B1C46E0}.Debug|Any CPU.Build.0 = Debug|Any CPU
		{E405B38C-3D76-47C2-90CF-B9787B1C46E0}.Release|Any CPU.ActiveCfg = Release|Any CPU
		{E405B38C-3D76-47C2-90CF-B9787B1C46E0}.Release|Any CPU.Build.0 = Release|Any CPU
		{70D55C2E-F074-4213-815F-17BFB3F278B1}.Debug|Any CPU.ActiveCfg = Debug|Any CPU
		{70D55C2E-F074-4213-815F-17BFB3F278B1}.Debug|Any CPU.Build.0 = Debug|Any CPU
		{70D55C2E-F074-4213-815F-17BFB3F278B1}.Release|Any CPU.ActiveCfg = Release|Any CPU
		{70D55C2E-F074-4213-815F-17BFB3F278B1}.Release|Any CPU.Build.0 = Release|Any CPU
		{6C634094-0E70-4898-9BBA-8F8CCEF23AE1}.Debug|Any CPU.ActiveCfg = Debug|Any CPU
		{6C634094-0E70-4898-9BBA-8F8CCEF23AE1}.Debug|Any CPU.Build.0 = Debug|Any CPU
		{6C634094-0E70-4898-9BBA-8F8CCEF23AE1}.Release|Any CPU.ActiveCfg = Release|Any CPU
		{6C634094-0E70-4898-9BBA-8F8CCEF23AE1}.Release|Any CPU.Build.0 = Release|Any CPU
		{48E872BE-DD48-41EB-86C8-7C02D72966DF}.Debug|Any CPU.ActiveCfg = Debug|Any CPU
		{48E872BE-DD48-41EB-86C8-7C02D72966DF}.Debug|Any CPU.Build.0 = Debug|Any CPU
		{48E872BE-DD48-41EB-86C8-7C02D72966DF}.Release|Any CPU.ActiveCfg = Release|Any CPU
		{48E872BE-DD48-41EB-86C8-7C02D72966DF}.Release|Any CPU.Build.0 = Release|Any CPU
	EndGlobalSection
	GlobalSection(SolutionProperties) = preSolution
		HideSolutionNode = FALSE
	EndGlobalSection
	GlobalSection(ExtensibilityGlobals) = postSolution
		SolutionGuid = {C1B98842-E39D-4818-9A45-1C95BDE4C1A9}
	EndGlobalSection
EndGlobal
